
Microsoft Visual Studio Solution File, Format Version 12.00
# Visual Studio Version 17
VisualStudioVersion = 17.7.34221.43
MinimumVisualStudioVersion = 10.0.40219.1
Project("{FAE04EC0-301F-11D3-BF4B-00C04F79EFBC}") = "GitDemo10", "GitDemo10\GitDemo10.csproj", "{EBB3E755-9292-4BDA-AEED-C56B7519453A}"
EndProject
Global
	GlobalSection(SolutionConfigurationPlatforms) = preSolution
		Debug|Any CPU = Debug|Any CPU
		Release|Any CPU = Release|Any CPU
	EndGlobalSection
	GlobalSection(ProjectConfigurationPlatforms) = postSolution
		{EBB3E755-9292-4BDA-AEED-C56B7519453A}.Debug|Any CPU.ActiveCfg = Debug|Any CPU
		{EBB3E755-9292-4BDA-AEED-C56B7519453A}.Debug|Any CPU.Build.0 = Debug|Any CPU
		{EBB3E755-9292-4BDA-AEED-C56B7519453A}.Release|Any CPU.ActiveCfg = Release|Any CPU
		{EBB3E755-9292-4BDA-AEED-C56B7519453A}.Release|Any CPU.Build.0 = Release|Any CPU
	EndGlobalSection
	GlobalSection(SolutionProperties) = preSolution
		HideSolutionNode = FALSE
	EndGlobalSection
	GlobalSection(ExtensibilityGlobals) = postSolution
		SolutionGuid = {2E100B23-E038-4865-BCBB-4A60A151F433}
	EndGlobalSection
EndGlobal
